
Microsoft Visual Studio Solution File, Format Version 12.00
# Visual Studio Version 18
VisualStudioVersion = 18.0.333.805
MinimumVisualStudioVersion = 10.0.40219.1
Project("{FAE04EC0-301F-11D3-BF4B-00C04F79EFBC}") = "IISLogsToExcel", "IISLogsToExcel.csproj", "{AE5E5FA4-B75B-4C23-B7B9-8DB7107198CC}"
EndProject
Global
	GlobalSection(SolutionConfigurationPlatforms) = preSolution
		Debug|Any CPU = Debug|Any CPU
		Release|Any CPU = Release|Any CPU
	EndGlobalSection
	GlobalSection(ProjectConfigurationPlatforms) = postSolution
		{AE5E5FA4-B75B-4C23-B7B9-8DB7107198CC}.Debug|Any CPU.ActiveCfg = Debug|Any CPU
		{AE5E5FA4-B75B-4C23-B7B9-8DB7107198CC}.Debug|Any CPU.Build.0 = Debug|Any CPU
		{AE5E5FA4-B75B-4C23-B7B9-8DB7107198CC}.Release|Any CPU.ActiveCfg = Release|Any CPU
		{AE5E5FA4-B75B-4C23-B7B9-8DB7107198CC}.Release|Any CPU.Build.0 = Release|Any CPU
	EndGlobalSection
	GlobalSection(SolutionProperties) = preSolution
		HideSolutionNode = FALSE
	EndGlobalSection
	GlobalSection(ExtensibilityGlobals) = postSolution
		SolutionGuid = {B5899F03-F59E-464E-A09B-51E6C9DF10AB}
	EndGlobalSection
EndGlobal
